# This file is automatically @generated by Cargo.
# It is not intended for manual editing.
[[package]]
name = "bumpalo"
version = "2.2.0"
source = "registry+https://github.com/rust-lang/crates.io-index"

[[package]]
name = "cfg-if"
version = "0.1.6"
source = "registry+https://github.com/rust-lang/crates.io-index"

[[package]]
name = "lazy_static"
version = "1.2.0"
source = "registry+https://github.com/rust-lang/crates.io-index"

[[package]]
name = "log"
version = "0.4.6"
source = "registry+https://github.com/rust-lang/crates.io-index"
dependencies = [
 "cfg-if 0.1.6 (registry+https://github.com/rust-lang/crates.io-index)",
]

[[package]]
name = "proc-macro2"
version = "0.4.27"
source = "registry+https://github.com/rust-lang/crates.io-index"
dependencies = [
 "unicode-xid 0.1.0 (registry+https://github.com/rust-lang/crates.io-index)",
]

[[package]]
name = "quote"
version = "0.6.11"
source = "registry+https://github.com/rust-lang/crates.io-index"
dependencies = [
 "proc-macro2 0.4.27 (registry+https://github.com/rust-lang/crates.io-index)",
]

[[package]]
name = "syn"
version = "0.15.26"
source = "registry+https://github.com/rust-lang/crates.io-index"
dependencies = [
 "proc-macro2 0.4.27 (registry+https://github.com/rust-lang/crates.io-index)",
 "quote 0.6.11 (registry+https://github.com/rust-lang/crates.io-index)",
 "unicode-xid 0.1.0 (registry+https://github.com/rust-lang/crates.io-index)",
]

[[package]]
name = "unicode-xid"
version = "0.1.0"
source = "registry+https://github.com/rust-lang/crates.io-index"

[[package]]
name = "wasm-bindgen"
version = "0.2.45"
source = "registry+https://github.com/rust-lang/crates.io-index"
dependencies = [
 "wasm-bindgen-macro 0.2.45 (registry+https://github.com/rust-lang/crates.io-index)",
]

[[package]]
name = "wasm-bindgen-backend"
version = "0.2.45"
source = "registry+https://github.com/rust-lang/crates.io-index"
dependencies = [
 "bumpalo 2.2.0 (registry+https://github.com/rust-lang/crates.io-index)",
 "lazy_static 1.2.0 (registry+https://github.com/rust-lang/crates.io-index)",
 "log 0.4.6 (registry+https://github.com/rust-lang/crates.io-index)",
 "proc-macro2 0.4.27 (registry+https://github.com/rust-lang/crates.io-index)",
 "quote 0.6.11 (registry+https://github.com/rust-lang/crates.io-index)",
 "syn 0.15.26 (registry+https://github.com/rust-lang/crates.io-index)",
 "wasm-bindgen-shared 0.2.45 (registry+https://github.com/rust-lang/crates.io-index)",
]

[[package]]
name = "wasm-bindgen-macro"
version = "0.2.45"
source = "registry+https://github.com/rust-lang/crates.io-index"
dependencies = [
 "quote 0.6.11 (registry+https://github.com/rust-lang/crates.io-index)",
 "wasm-bindgen-macro-support 0.2.45 (registry+https://github.com/rust-lang/crates.io-index)",
]

[[package]]
name = "wasm-bindgen-macro-support"
version = "0.2.45"
source = "registry+https://github.com/rust-lang/crates.io-index"
dependencies = [
 "proc-macro2 0.4.27 (registry+https://github.com/rust-lang/crates.io-index)",
 "quote 0.6.11 (registry+https://github.com/rust-lang/crates.io-index)",
 "syn 0.15.26 (registry+https://github.com/rust-lang/crates.io-index)",
 "wasm-bindgen-backend 0.2.45 (registry+https://github.com/rust-lang/crates.io-index)",
 "wasm-bindgen-shared 0.2.45 (registry+https://github.com/rust-lang/crates.io-index)",
]

[[package]]
name = "wasm-bindgen-shared"
version = "0.2.45"
source = "registry+https://github.com/rust-lang/crates.io-index"

[[package]]
name = "wasm-vs-js-benchmark"
version = "0.1.0"
dependencies = [
 "wasm-bindgen 0.2.45 (registry+https://github.com/rust-lang/crates.io-index)",
]

[metadata]
"checksum bumpalo 2.2.0 (registry+https://github.com/rust-lang/crates.io-index)" = "e244c3d946bd68dc2c8996d35363d3a855ff55d59aa1c4b41df8b52334c5e19c"
"checksum cfg-if 0.1.6 (registry+https://github.com/rust-lang/crates.io-index)" = "082bb9b28e00d3c9d39cc03e64ce4cea0f1bb9b3fde493f0cbc008472d22bdf4"
"checksum lazy_static 1.2.0 (registry+https://github.com/rust-lang/crates.io-index)" = "a374c89b9db55895453a74c1e38861d9deec0b01b405a82516e9d5de4820dea1"
"checksum log 0.4.6 (registry+https://github.com/rust-lang/crates.io-index)" = "c84ec4b527950aa83a329754b01dbe3f58361d1c5efacd1f6d68c494d08a17c6"
"checksum proc-macro2 0.4.27 (registry+https://github.com/rust-lang/crates.io-index)" = "4d317f9caece796be1980837fd5cb3dfec5613ebdb04ad0956deea83ce168915"
"checksum quote 0.6.11 (registry+https://github.com/rust-lang/crates.io-index)" = "cdd8e04bd9c52e0342b406469d494fcb033be4bdbe5c606016defbb1681411e1"
"checksum syn 0.15.26 (registry+https://github.com/rust-lang/crates.io-index)" = "f92e629aa1d9c827b2bb8297046c1ccffc57c99b947a680d3ccff1f136a3bee9"
"checksum unicode-xid 0.1.0 (registry+https://github.com/rust-lang/crates.io-index)" = "fc72304796d0818e357ead4e000d19c9c174ab23dc11093ac919054d20a6a7fc"
"checksum wasm-bindgen 0.2.45 (registry+https://github.com/rust-lang/crates.io-index)" = "b7ccc7b93cfd13e26700a9e2e41e6305f1951b87e166599069f77d10358100e6"
"checksum wasm-bindgen-backend 0.2.45 (registry+https://github.com/rust-lang/crates.io-index)" = "1953f91b1608eb1522513623c7739f047bb0fed4128ce51a93f08e12cc314645"
"checksum wasm-bindgen-macro 0.2.45 (registry+https://github.com/rust-lang/crates.io-index)" = "0f69da5696545d7ca6607a2e4b1a0edf5a6b36b2c49dbb0f1df6ad1d92884047"
"checksum wasm-bindgen-macro-support 0.2.45 (registry+https://github.com/rust-lang/crates.io-index)" = "2d4246f3bc73223bbb846f4f2430a60725826a96c9389adf715ed1d5af46dec6"
"checksum wasm-bindgen-shared 0.2.45 (registry+https://github.com/rust-lang/crates.io-index)" = "c08381e07e7a79e5e229ad7c60d15833d19033542cc5dd91d085df59d235f4a6"
